{
  "name": "odin-rock-paper-scissors",
  "lockfileVersion": 2,
  "requires": true,
  "packages": {
    "": {
      "dependencies": {
        "font-awesome-animation": "^1.1.1"
      }
    },
    "node_modules/font-awesome-animation": {
      "version": "1.1.1",
      "resolved": "https://registry.npmjs.org/font-awesome-animation/-/font-awesome-animation-1.1.1.tgz",
      "integrity": "sha512-WHl4zhyb0LeqT+v2JClv5yNZ+63e2Mbbu+9ycL3FGVHtZA8zn4iaMBxA6AgcJySLlfdjuTEA0lBZBW2CE1cwpQ==",
      "engines": {
        "node": ">=12.0.0"
      }
    }
  },
  "dependencies": {
    "font-awesome-animation": {
      "version": "1.1.1",
      "resolved": "https://registry.npmjs.org/font-awesome-animation/-/font-awesome-animation-1.1.1.tgz",
      "integrity": "sha512-WHl4zhyb0LeqT+v2JClv5yNZ+63e2Mbbu+9ycL3FGVHtZA8zn4iaMBxA6AgcJySLlfdjuTEA0lBZBW2CE1cwpQ=="
    }
  }
}
